
Microsoft Visual Studio Solution File, Format Version 11.00
# Visual Studio 2010
Project("{FAE04EC0-301F-11D3-BF4B-00C04F79EFBC}") = "Assembly-CSharp", "Assembly-CSharp.csproj", "{cefff7a9-26c7-a1fc-8eb0-8d5aa1049776}"
EndProject
Project("{FAE04EC0-301F-11D3-BF4B-00C04F79EFBC}") = "Assembly-CSharp-Editor", "Assembly-CSharp-Editor.csproj", "{eb8b7db5-d87d-b48b-ff16-e2019cd8ac1c}"
EndProject
Global
	GlobalSection(SolutionConfigurationPlatforms) = preSolution
		Debug|Any CPU = Debug|Any CPU
		Release|Any CPU = Release|Any CPU
	EndGlobalSection
	GlobalSection(ProjectConfigurationPlatforms) = postSolution
		{cefff7a9-26c7-a1fc-8eb0-8d5aa1049776}.Debug|Any CPU.ActiveCfg = Debug|Any CPU
		{cefff7a9-26c7-a1fc-8eb0-8d5aa1049776}.Debug|Any CPU.Build.0 = Debug|Any CPU
		{cefff7a9-26c7-a1fc-8eb0-8d5aa1049776}.Release|Any CPU.ActiveCfg = Release|Any CPU
		{cefff7a9-26c7-a1fc-8eb0-8d5aa1049776}.Release|Any CPU.Build.0 = Release|Any CPU
		{eb8b7db5-d87d-b48b-ff16-e2019cd8ac1c}.Debug|Any CPU.ActiveCfg = Debug|Any CPU
		{eb8b7db5-d87d-b48b-ff16-e2019cd8ac1c}.Debug|Any CPU.Build.0 = Debug|Any CPU
		{eb8b7db5-d87d-b48b-ff16-e2019cd8ac1c}.Release|Any CPU.ActiveCfg = Release|Any CPU
		{eb8b7db5-d87d-b48b-ff16-e2019cd8ac1c}.Release|Any CPU.Build.0 = Release|Any CPU
	EndGlobalSection
	GlobalSection(SolutionProperties) = preSolution
		HideSolutionNode = FALSE
	EndGlobalSection
EndGlobal
